{
  "name": "geom-center-and-normalize",
  "version": "2.0.0",
  "lockfileVersion": 2,
  "requires": true,
  "packages": {
    "": {
      "name": "geom-center-and-normalize",
      "version": "2.0.0",
      "license": "MIT",
      "dependencies": {
        "pex-geom": "^3.0.0-alpha.3",
        "pex-math": "^4.0.0-alpha.3"
      },
      "engines": {
        "node": ">=18.0.0",
        "npm": ">=8.0.0"
      }
    },
    "node_modules/pex-geom": {
      "version": "3.0.0-alpha.3",
      "resolved": "https://registry.npmjs.org/pex-geom/-/pex-geom-3.0.0-alpha.3.tgz",
      "integrity": "sha512-VxwL3JgaH34gWY/ft1//TftiigrER9WWC4p2Q3sfjOJH9FyHRqgYACkT8j/XlR2140PP7sBRUQoZSA4jKSY5bA==",
      "dependencies": {
        "pex-math": "^4.0.0-alpha.2"
      },
      "engines": {
        "node": ">=16.0.0",
        "npm": ">=7.0.0"
      }
    },
    "node_modules/pex-math": {
      "version": "4.0.0-alpha.3",
      "resolved": "https://registry.npmjs.org/pex-math/-/pex-math-4.0.0-alpha.3.tgz",
      "integrity": "sha512-4rHCFNLQnk/NHAQczW/VCBiXOPN2DvAjYhZw5EnEadtMLoI9tGQWd4JxANeV1i3O17PdfIoTi9ECfIRRkz8nwg==",
      "engines": {
        "node": ">=16.0.0",
        "npm": ">=7.0.0"
      }
    }
  },
  "dependencies": {
    "pex-geom": {
      "version": "3.0.0-alpha.3",
      "resolved": "https://registry.npmjs.org/pex-geom/-/pex-geom-3.0.0-alpha.3.tgz",
      "integrity": "sha512-VxwL3JgaH34gWY/ft1//TftiigrER9WWC4p2Q3sfjOJH9FyHRqgYACkT8j/XlR2140PP7sBRUQoZSA4jKSY5bA==",
      "requires": {
        "pex-math": "^4.0.0-alpha.2"
      }
    },
    "pex-math": {
      "version": "4.0.0-alpha.3",
      "resolved": "https://registry.npmjs.org/pex-math/-/pex-math-4.0.0-alpha.3.tgz",
      "integrity": "sha512-4rHCFNLQnk/NHAQczW/VCBiXOPN2DvAjYhZw5EnEadtMLoI9tGQWd4JxANeV1i3O17PdfIoTi9ECfIRRkz8nwg=="
    }
  }
}
